// !$*UTF8*$!
{
	archiveVersion = 1;
	classes = {
	};
	objectVersion = 46;
	objects = {

/* Begin PBXBuildFile section */
		1F40D85218473EA80010CDBA /* DVTKit.framework in Frameworks */ = {isa = PBXBuildFile; fileRef = 1F40D85118473EA80010CDBA /* DVTKit.framework */; };
		1F5B2E5118471B0A003529EC /* find.sh in Resources */ = {isa = PBXBuildFile; fileRef = 1F5B2E5018471B0A003529EC /* find.sh */; };
		1F67ED3F1846E54F00E9E6AD /* AppKit.framework in Frameworks */ = {isa = PBXBuildFile; fileRef = 1F67ED3E1846E54F00E9E6AD /* AppKit.framework */; };
		1F67ED411846E54F00E9E6AD /* Foundation.framework in Frameworks */ = {isa = PBXBuildFile; fileRef = 1F67ED401846E54F00E9E6AD /* Foundation.framework */; };
		1F67ED471846E54F00E9E6AD /* InfoPlist.strings in Resources */ = {isa = PBXBuildFile; fileRef = 1F67ED451846E54F00E9E6AD /* InfoPlist.strings */; };
		1F67ED4A1846E54F00E9E6AD /* XToDo.m in Sources */ = {isa = PBXBuildFile; fileRef = 1F67ED491846E54F00E9E6AD /* XToDo.m */; };
		1F997742185227F500485D3F /* checkmark_off.tiff in Resources */ = {isa = PBXBuildFile; fileRef = 1F997740185227F500485D3F /* checkmark_off.tiff */; };
		1F997743185227F500485D3F /* checkmark_off.tiff in Resources */ = {isa = PBXBuildFile; fileRef = 1F997740185227F500485D3F /* checkmark_off.tiff */; };
		1F997744185227F500485D3F /* checkmark_on.tiff in Resources */ = {isa = PBXBuildFile; fileRef = 1F997741185227F500485D3F /* checkmark_on.tiff */; };
		1F997745185227F500485D3F /* checkmark_on.tiff in Resources */ = {isa = PBXBuildFile; fileRef = 1F997741185227F500485D3F /* checkmark_on.tiff */; };
		1FCB6E821851D45B002E6BC3 /* Cocoa.framework in Frameworks */ = {isa = PBXBuildFile; fileRef = 1FCB6E811851D45B002E6BC3 /* Cocoa.framework */; };
		1FCB6E8C1851D45B002E6BC3 /* InfoPlist.strings in Resources */ = {isa = PBXBuildFile; fileRef = 1FCB6E8A1851D45B002E6BC3 /* InfoPlist.strings */; };
		1FCB6E8E1851D45B002E6BC3 /* main.m in Sources */ = {isa = PBXBuildFile; fileRef = 1FCB6E8D1851D45B002E6BC3 /* main.m */; };
		1FCB6E921851D45B002E6BC3 /* Credits.rtf in Resources */ = {isa = PBXBuildFile; fileRef = 1FCB6E901851D45B002E6BC3 /* Credits.rtf */; };
		1FCB6E951851D45B002E6BC3 /* XTAppDelegate.m in Sources */ = {isa = PBXBuildFile; fileRef = 1FCB6E941851D45B002E6BC3 /* XTAppDelegate.m */; };
		1FCB6E9A1851D45B002E6BC3 /* Images.xcassets in Resources */ = {isa = PBXBuildFile; fileRef = 1FCB6E991851D45B002E6BC3 /* Images.xcassets */; };
		1FCB6EB21851D481002E6BC3 /* XToDoWindowController.m in Sources */ = {isa = PBXBuildFile; fileRef = 1FFB0F201851BDB200E97FA1 /* XToDoWindowController.m */; };
		1FCB6EB31851D481002E6BC3 /* XToDoWindowController.xib in Resources */ = {isa = PBXBuildFile; fileRef = 1FFB0F211851BDB200E97FA1 /* XToDoWindowController.xib */; };
		1FCB6EB41851D487002E6BC3 /* XToDoModel.m in Sources */ = {isa = PBXBuildFile; fileRef = 1FF31A131846EABD00976E29 /* XToDoModel.m */; };
		1FCB6EB51851D758002E6BC3 /* find.sh in Resources */ = {isa = PBXBuildFile; fileRef = 1F5B2E5018471B0A003529EC /* find.sh */; };
		1FF31A141846EABD00976E29 /* XToDoModel.m in Sources */ = {isa = PBXBuildFile; fileRef = 1FF31A131846EABD00976E29 /* XToDoModel.m */; };
		1FFB0F221851BDB200E97FA1 /* XToDoWindowController.m in Sources */ = {isa = PBXBuildFile; fileRef = 1FFB0F201851BDB200E97FA1 /* XToDoWindowController.m */; };
		1FFB0F231851BDB200E97FA1 /* XToDoWindowController.xib in Resources */ = {isa = PBXBuildFile; fileRef = 1FFB0F211851BDB200E97FA1 /* XToDoWindowController.xib */; };
		6EB64F09189479D800EA6B86 /* XToDoPreferencesWindowController.m in Sources */ = {isa = PBXBuildFile; fileRef = 6EFEA8AD1894757200FD9595 /* XToDoPreferencesWindowController.m */; };
		6EB64F0A18947A5D00EA6B86 /* XToDoPreferencesWindowController.xib in Resources */ = {isa = PBXBuildFile; fileRef = 6EFEA8AE1894757200FD9595 /* XToDoPreferencesWindowController.xib */; };
		6EFEA8AF1894757200FD9595 /* XToDoPreferencesWindowController.m in Sources */ = {isa = PBXBuildFile; fileRef = 6EFEA8AD1894757200FD9595 /* XToDoPreferencesWindowController.m */; };
		6EFEA8B01894757200FD9595 /* XToDoPreferencesWindowController.xib in Resources */ = {isa = PBXBuildFile; fileRef = 6EFEA8AE1894757200FD9595 /* XToDoPreferencesWindowController.xib */; };
		814ABA721AD1A602004CD467 /* NSString+Additions.m in Sources */ = {isa = PBXBuildFile; fileRef = 816AE24E1AD1A44F003A8FCA /* NSString+Additions.m */; };
		814ABA731AD1A603004CD467 /* NSString+Additions.m in Sources */ = {isa = PBXBuildFile; fileRef = 816AE24E1AD1A44F003A8FCA /* NSString+Additions.m */; };
		C338F4DE18F4FBAF00EDE66E /* PathEditViewController.m in Sources */ = {isa = PBXBuildFile; fileRef = C338F4DD18F4FBAF00EDE66E /* PathEditViewController.m */; };
		C338F4DF18F4FBAF00EDE66E /* PathEditViewController.m in Sources */ = {isa = PBXBuildFile; fileRef = C338F4DD18F4FBAF00EDE66E /* PathEditViewController.m */; };
		C338F4E118F4FD8700EDE66E /* PathEditViewController.xib in Resources */ = {isa = PBXBuildFile; fileRef = C338F4E018F4FD8700EDE66E /* PathEditViewController.xib */; };
		C338F4E218F4FD8700EDE66E /* PathEditViewController.xib in Resources */ = {isa = PBXBuildFile; fileRef = C338F4E018F4FD8700EDE66E /* PathEditViewController.xib */; };
		C3417AF118F6A871003297B8 /* XToDo.m in Sources */ = {isa = PBXBuildFile; fileRef = 1F67ED491846E54F00E9E6AD /* XToDo.m */; };
		C36063A118EBDCE000F500EA /* NSData+Split.m in Sources */ = {isa = PBXBuildFile; fileRef = C36063A018EBDCE000F500EA /* NSData+Split.m */; };
		C36063A218EBDCE000F500EA /* NSData+Split.m in Sources */ = {isa = PBXBuildFile; fileRef = C36063A018EBDCE000F500EA /* NSData+Split.m */; };
		C3F460FF18F43BE10009D503 /* ProjectSetting.m in Sources */ = {isa = PBXBuildFile; fileRef = C3F460FE18F43BE10009D503 /* ProjectSetting.m */; };
		C3F4610018F43BE10009D503 /* ProjectSetting.m in Sources */ = {isa = PBXBuildFile; fileRef = C3F460FE18F43BE10009D503 /* ProjectSetting.m */; };
/* End PBXBuildFile section */

/* Begin PBXFileReference section */
		1F40D85118473EA80010CDBA /* DVTKit.framework */ = {isa = PBXFileReference; lastKnownFileType = wrapper.framework; name = DVTKit.framework; path = ../../../../../Applications/Xcode.app/Contents/SharedFrameworks/DVTKit.framework; sourceTree = "<group>"; };
		1F5B2E3D184712E6003529EC /* XCTest.framework */ = {isa = PBXFileReference; lastKnownFileType = wrapper.framework; name = XCTest.framework; path = Library/Frameworks/XCTest.framework; sourceTree = DEVELOPER_DIR; };
		1F5B2E5018471B0A003529EC /* find.sh */ = {isa = PBXFileReference; fileEncoding = 4; lastKnownFileType = text.script.sh; path = find.sh; sourceTree = "<group>"; };
		1F67ED3B1846E54F00E9E6AD /* XToDo.xcplugin */ = {isa = PBXFileReference; explicitFileType = wrapper.cfbundle; includeInIndex = 0; path = XToDo.xcplugin; sourceTree = BUILT_PRODUCTS_DIR; };
		1F67ED3E1846E54F00E9E6AD /* AppKit.framework */ = {isa = PBXFileReference; lastKnownFileType = wrapper.framework; name = AppKit.framework; path = System/Library/Frameworks/AppKit.framework; sourceTree = SDKROOT; };
		1F67ED401846E54F00E9E6AD /* Foundation.framework */ = {isa = PBXFileReference; lastKnownFileType = wrapper.framework; name = Foundation.framework; path = System/Library/Frameworks/Foundation.framework; sourceTree = SDKROOT; };
		1F67ED441846E54F00E9E6AD /* XToDo-Info.plist */ = {isa = PBXFileReference; lastKnownFileType = text.plist.xml; path = "XToDo-Info.plist"; sourceTree = "<group>"; };
		1F67ED461846E54F00E9E6AD /* en */ = {isa = PBXFileReference; lastKnownFileType = text.plist.strings; name = en; path = en.lproj/InfoPlist.strings; sourceTree = "<group>"; };
		1F67ED481846E54F00E9E6AD /* XToDo.h */ = {isa = PBXFileReference; lastKnownFileType = sourcecode.c.h; path = XToDo.h; sourceTree = "<group>"; };
		1F67ED491846E54F00E9E6AD /* XToDo.m */ = {isa = PBXFileReference; lastKnownFileType = sourcecode.c.objc; path = XToDo.m; sourceTree = "<group>"; };
		1F67ED4B1846E54F00E9E6AD /* XToDo-Prefix.pch */ = {isa = PBXFileReference; lastKnownFileType = sourcecode.c.h; path = "XToDo-Prefix.pch"; sourceTree = "<group>"; };
		1F997740185227F500485D3F /* checkmark_off.tiff */ = {isa = PBXFileReference; lastKnownFileType = image.tiff; path = checkmark_off.tiff; sourceTree = "<group>"; };
		1F997741185227F500485D3F /* checkmark_on.tiff */ = {isa = PBXFileReference; lastKnownFileType = image.tiff; path = checkmark_on.tiff; sourceTree = "<group>"; };
		1FCB6E801851D45B002E6BC3 /* XToDoApp.app */ = {isa = PBXFileReference; explicitFileType = wrapper.application; includeInIndex = 0; path = XToDoApp.app; sourceTree = BUILT_PRODUCTS_DIR; };
		1FCB6E811851D45B002E6BC3 /* Cocoa.framework */ = {isa = PBXFileReference; lastKnownFileType = wrapper.framework; name = Cocoa.framework; path = System/Library/Frameworks/Cocoa.framework; sourceTree = SDKROOT; };
		1FCB6E841851D45B002E6BC3 /* AppKit.framework */ = {isa = PBXFileReference; lastKnownFileType = wrapper.framework; name = AppKit.framework; path = System/Library/Frameworks/AppKit.framework; sourceTree = SDKROOT; };
		1FCB6E851851D45B002E6BC3 /* CoreData.framework */ = {isa = PBXFileReference; lastKnownFileType = wrapper.framework; name = CoreData.framework; path = System/Library/Frameworks/CoreData.framework; sourceTree = SDKROOT; };
		1FCB6E861851D45B002E6BC3 /* Foundation.framework */ = {isa = PBXFileReference; lastKnownFileType = wrapper.framework; name = Foundation.framework; path = System/Library/Frameworks/Foundation.framework; sourceTree = SDKROOT; };
		1FCB6E891851D45B002E6BC3 /* XToDoApp-Info.plist */ = {isa = PBXFileReference; lastKnownFileType = text.plist.xml; path = "XToDoApp-Info.plist"; sourceTree = "<group>"; };
		1FCB6E8B1851D45B002E6BC3 /* en */ = {isa = PBXFileReference; lastKnownFileType = text.plist.strings; name = en; path = en.lproj/InfoPlist.strings; sourceTree = "<group>"; };
		1FCB6E8D1851D45B002E6BC3 /* main.m */ = {isa = PBXFileReference; lastKnownFileType = sourcecode.c.objc; path = main.m; sourceTree = "<group>"; };
		1FCB6E8F1851D45B002E6BC3 /* XToDoApp-Prefix.pch */ = {isa = PBXFileReference; lastKnownFileType = sourcecode.c.h; path = "XToDoApp-Prefix.pch"; sourceTree = "<group>"; };
		1FCB6E911851D45B002E6BC3 /* en */ = {isa = PBXFileReference; lastKnownFileType = text.rtf; name = en; path = en.lproj/Credits.rtf; sourceTree = "<group>"; };
		1FCB6E931851D45B002E6BC3 /* XTAppDelegate.h */ = {isa = PBXFileReference; lastKnownFileType = sourcecode.c.h; path = XTAppDelegate.h; sourceTree = "<group>"; };
		1FCB6E941851D45B002E6BC3 /* XTAppDelegate.m */ = {isa = PBXFileReference; lastKnownFileType = sourcecode.c.objc; path = XTAppDelegate.m; sourceTree = "<group>"; };
		1FCB6E991851D45B002E6BC3 /* Images.xcassets */ = {isa = PBXFileReference; lastKnownFileType = folder.assetcatalog; path = Images.xcassets; sourceTree = "<group>"; };
		1FF31A121846EABD00976E29 /* XToDoModel.h */ = {isa = PBXFileReference; fileEncoding = 4; lastKnownFileType = sourcecode.c.h; path = XToDoModel.h; sourceTree = "<group>"; };
		1FF31A131846EABD00976E29 /* XToDoModel.m */ = {isa = PBXFileReference; fileEncoding = 4; lastKnownFileType = sourcecode.c.objc; path = XToDoModel.m; sourceTree = "<group>"; };
		1FFB0F1F1851BDB200E97FA1 /* XToDoWindowController.h */ = {isa = PBXFileReference; fileEncoding = 4; lastKnownFileType = sourcecode.c.h; path = XToDoWindowController.h; sourceTree = "<group>"; };
		1FFB0F201851BDB200E97FA1 /* XToDoWindowController.m */ = {isa = PBXFileReference; fileEncoding = 4; lastKnownFileType = sourcecode.c.objc; path = XToDoWindowController.m; sourceTree = "<group>"; };
		1FFB0F211851BDB200E97FA1 /* XToDoWindowController.xib */ = {isa = PBXFileReference; fileEncoding = 4; lastKnownFileType = file.xib; path = XToDoWindowController.xib; sourceTree = "<group>"; };
		6EFEA8AC1894757200FD9595 /* XToDoPreferencesWindowController.h */ = {isa = PBXFileReference; fileEncoding = 4; lastKnownFileType = sourcecode.c.h; path = XToDoPreferencesWindowController.h; sourceTree = "<group>"; };
		6EFEA8AD1894757200FD9595 /* XToDoPreferencesWindowController.m */ = {isa = PBXFileReference; fileEncoding = 4; lastKnownFileType = sourcecode.c.objc; path = XToDoPreferencesWindowController.m; sourceTree = "<group>"; };
		6EFEA8AE1894757200FD9595 /* XToDoPreferencesWindowController.xib */ = {isa = PBXFileReference; fileEncoding = 4; lastKnownFileType = file.xib; path = XToDoPreferencesWindowController.xib; sourceTree = "<group>"; };
		816AE24D1AD1A44F003A8FCA /* NSString+Additions.h */ = {isa = PBXFileReference; fileEncoding = 4; lastKnownFileType = sourcecode.c.h; path = "NSString+Additions.h"; sourceTree = "<group>"; };
		816AE24E1AD1A44F003A8FCA /* NSString+Additions.m */ = {isa = PBXFileReference; fileEncoding = 4; lastKnownFileType = sourcecode.c.objc; path = "NSString+Additions.m"; sourceTree = "<group>"; };
		C338F4DC18F4FBAF00EDE66E /* PathEditViewController.h */ = {isa = PBXFileReference; fileEncoding = 4; lastKnownFileType = sourcecode.c.h; path = PathEditViewController.h; sourceTree = "<group>"; };
		C338F4DD18F4FBAF00EDE66E /* PathEditViewController.m */ = {isa = PBXFileReference; fileEncoding = 4; lastKnownFileType = sourcecode.c.objc; path = PathEditViewController.m; sourceTree = "<group>"; };
		C338F4E018F4FD8700EDE66E /* PathEditViewController.xib */ = {isa = PBXFileReference; fileEncoding = 4; lastKnownFileType = file.xib; path = PathEditViewController.xib; sourceTree = "<group>"; };
		C360639F18EBDCE000F500EA /* NSData+Split.h */ = {isa = PBXFileReference; fileEncoding = 4; lastKnownFileType = sourcecode.c.h; path = "NSData+Split.h"; sourceTree = "<group>"; };
		C36063A018EBDCE000F500EA /* NSData+Split.m */ = {isa = PBXFileReference; fileEncoding = 4; lastKnownFileType = sourcecode.c.objc; path = "NSData+Split.m"; sourceTree = "<group>"; };
		C3F460FD18F43BE10009D503 /* ProjectSetting.h */ = {isa = PBXFileReference; fileEncoding = 4; lastKnownFileType = sourcecode.c.h; path = ProjectSetting.h; sourceTree = "<group>"; };
		C3F460FE18F43BE10009D503 /* ProjectSetting.m */ = {isa = PBXFileReference; fileEncoding = 4; lastKnownFileType = sourcecode.c.objc; path = ProjectSetting.m; sourceTree = "<group>"; };
/* End PBXFileReference section */

/* Begin PBXFrameworksBuildPhase section */
		1F67ED381846E54F00E9E6AD /* Frameworks */ = {
			isa = PBXFrameworksBuildPhase;
			buildActionMask = 2147483647;
			files = (
				1F67ED3F1846E54F00E9E6AD /* AppKit.framework in Frameworks */,
				1F67ED411846E54F00E9E6AD /* Foundation.framework in Frameworks */,
				1F40D85218473EA80010CDBA /* DVTKit.framework in Frameworks */,
			);
			runOnlyForDeploymentPostprocessing = 0;
		};
		1FCB6E7D1851D45B002E6BC3 /* Frameworks */ = {
			isa = PBXFrameworksBuildPhase;
			buildActionMask = 2147483647;
			files = (
				1FCB6E821851D45B002E6BC3 /* Cocoa.framework in Frameworks */,
			);
			runOnlyForDeploymentPostprocessing = 0;
		};
/* End PBXFrameworksBuildPhase section */

/* Begin PBXGroup section */
		1F67ED321846E54F00E9E6AD = {
			isa = PBXGroup;
			children = (
				1F67ED421846E54F00E9E6AD /* XToDo */,
				1FCB6E871851D45B002E6BC3 /* XToDoApp */,
				1F67ED3D1846E54F00E9E6AD /* Frameworks */,
				1F67ED3C1846E54F00E9E6AD /* Products */,
			);
			sourceTree = "<group>";
		};
		1F67ED3C1846E54F00E9E6AD /* Products */ = {
			isa = PBXGroup;
			children = (
				1F67ED3B1846E54F00E9E6AD /* XToDo.xcplugin */,
				1FCB6E801851D45B002E6BC3 /* XToDoApp.app */,
			);
			name = Products;
			sourceTree = "<group>";
		};
		1F67ED3D1846E54F00E9E6AD /* Frameworks */ = {
			isa = PBXGroup;
			children = (
				1F40D85118473EA80010CDBA /* DVTKit.framework */,
				1F67ED3E1846E54F00E9E6AD /* AppKit.framework */,
				1F67ED401846E54F00E9E6AD /* Foundation.framework */,
				1F5B2E3D184712E6003529EC /* XCTest.framework */,
				1FCB6E811851D45B002E6BC3 /* Cocoa.framework */,
				1FCB6E831851D45B002E6BC3 /* Other Frameworks */,
			);
			name = Frameworks;
			sourceTree = "<group>";
		};
		1F67ED421846E54F00E9E6AD /* XToDo */ = {
			isa = PBXGroup;
			children = (
				1F67ED431846E54F00E9E6AD /* Supporting Files */,
				1FF31A121846EABD00976E29 /* XToDoModel.h */,
				1FF31A131846EABD00976E29 /* XToDoModel.m */,
				1F67ED481846E54F00E9E6AD /* XToDo.h */,
				1F67ED491846E54F00E9E6AD /* XToDo.m */,
				C3F460FD18F43BE10009D503 /* ProjectSetting.h */,
				C3F460FE18F43BE10009D503 /* ProjectSetting.m */,
				C338F4DC18F4FBAF00EDE66E /* PathEditViewController.h */,
				C338F4DD18F4FBAF00EDE66E /* PathEditViewController.m */,
				C338F4E018F4FD8700EDE66E /* PathEditViewController.xib */,
				1FFB0F1F1851BDB200E97FA1 /* XToDoWindowController.h */,
				1FFB0F201851BDB200E97FA1 /* XToDoWindowController.m */,
				1FFB0F211851BDB200E97FA1 /* XToDoWindowController.xib */,
				6EFEA8AC1894757200FD9595 /* XToDoPreferencesWindowController.h */,
				6EFEA8AD1894757200FD9595 /* XToDoPreferencesWindowController.m */,
				6EFEA8AE1894757200FD9595 /* XToDoPreferencesWindowController.xib */,
				C360639F18EBDCE000F500EA /* NSData+Split.h */,
				C36063A018EBDCE000F500EA /* NSData+Split.m */,
				816AE24D1AD1A44F003A8FCA /* NSString+Additions.h */,
				816AE24E1AD1A44F003A8FCA /* NSString+Additions.m */,
			);
			path = XToDo;
			sourceTree = "<group>";
		};
		1F67ED431846E54F00E9E6AD /* Supporting Files */ = {
			isa = PBXGroup;
			children = (
				1F997740185227F500485D3F /* checkmark_off.tiff */,
				1F997741185227F500485D3F /* checkmark_on.tiff */,
				1F67ED441846E54F00E9E6AD /* XToDo-Info.plist */,
				1F67ED451846E54F00E9E6AD /* InfoPlist.strings */,
				1F67ED4B1846E54F00E9E6AD /* XToDo-Prefix.pch */,
				1F5B2E5018471B0A003529EC /* find.sh */,
			);
			name = "Supporting Files";
			sourceTree = "<group>";
		};
		1FCB6E831851D45B002E6BC3 /* Other Frameworks */ = {
			isa = PBXGroup;
			children = (
				1FCB6E841851D45B002E6BC3 /* AppKit.framework */,
				1FCB6E851851D45B002E6BC3 /* CoreData.framework */,
				1FCB6E861851D45B002E6BC3 /* Foundation.framework */,
			);
			name = "Other Frameworks";
			sourceTree = "<group>";
		};
		1FCB6E871851D45B002E6BC3 /* XToDoApp */ = {
			isa = PBXGroup;
			children = (
				1FCB6E931851D45B002E6BC3 /* XTAppDelegate.h */,
				1FCB6E941851D45B002E6BC3 /* XTAppDelegate.m */,
				1FCB6E991851D45B002E6BC3 /* Images.xcassets */,
				1FCB6E881851D45B002E6BC3 /* Supporting Files */,
			);
			path = XToDoApp;
			sourceTree = "<group>";
		};
		1FCB6E881851D45B002E6BC3 /* Supporting Files */ = {
			isa = PBXGroup;
			children = (
				1FCB6E891851D45B002E6BC3 /* XToDoApp-Info.plist */,
				1FCB6E8A1851D45B002E6BC3 /* InfoPlist.strings */,
				1FCB6E8D1851D45B002E6BC3 /* main.m */,
				1FCB6E8F1851D45B002E6BC3 /* XToDoApp-Prefix.pch */,
				1FCB6E901851D45B002E6BC3 /* Credits.rtf */,
			);
			name = "Supporting Files";
			sourceTree = "<group>";
		};
/* End PBXGroup section */

/* Begin PBXNativeTarget section */
		1F67ED3A1846E54F00E9E6AD /* XToDo */ = {
			isa = PBXNativeTarget;
			buildConfigurationList = 1F67ED4E1846E54F00E9E6AD /* Build configuration list for PBXNativeTarget "XToDo" */;
			buildPhases = (
				1F67ED371846E54F00E9E6AD /* Sources */,
				1F67ED381846E54F00E9E6AD /* Frameworks */,
				1F67ED391846E54F00E9E6AD /* Resources */,
			);
			buildRules = (
			);
			dependencies = (
			);
			name = XToDo;
			productName = XToDo;
			productReference = 1F67ED3B1846E54F00E9E6AD /* XToDo.xcplugin */;
			productType = "com.apple.product-type.bundle";
		};
		1FCB6E7F1851D45B002E6BC3 /* XToDoApp */ = {
			isa = PBXNativeTarget;
			buildConfigurationList = 1FCB6EB01851D45C002E6BC3 /* Build configuration list for PBXNativeTarget "XToDoApp" */;
			buildPhases = (
				1FCB6E7C1851D45B002E6BC3 /* Sources */,
				1FCB6E7D1851D45B002E6BC3 /* Frameworks */,
				1FCB6E7E1851D45B002E6BC3 /* Resources */,
			);
			buildRules = (
			);
			dependencies = (
			);
			name = XToDoApp;
			productName = XToDoApp;
			productReference = 1FCB6E801851D45B002E6BC3 /* XToDoApp.app */;
			productType = "com.apple.product-type.application";
		};
/* End PBXNativeTarget section */

/* Begin PBXProject section */
		1F67ED331846E54F00E9E6AD /* Project object */ = {
			isa = PBXProject;
			attributes = {
				LastUpgradeCheck = 0500;
				ORGANIZATIONNAME = fir.im;
			};
			buildConfigurationList = 1F67ED361846E54F00E9E6AD /* Build configuration list for PBXProject "XToDo" */;
			compatibilityVersion = "Xcode 3.2";
			developmentRegion = English;
			hasScannedForEncodings = 0;
			knownRegions = (
				en,
				Base,
			);
			mainGroup = 1F67ED321846E54F00E9E6AD;
			productRefGroup = 1F67ED3C1846E54F00E9E6AD /* Products */;
			projectDirPath = "";
			projectRoot = "";
			targets = (
				1F67ED3A1846E54F00E9E6AD /* XToDo */,
				1FCB6E7F1851D45B002E6BC3 /* XToDoApp */,
			);
		};
/* End PBXProject section */

/* Begin PBXResourcesBuildPhase section */
		1F67ED391846E54F00E9E6AD /* Resources */ = {
			isa = PBXResourcesBuildPhase;
			buildActionMask = 2147483647;
			files = (
				1F67ED471846E54F00E9E6AD /* InfoPlist.strings in Resources */,
				1F997744185227F500485D3F /* checkmark_on.tiff in Resources */,
				1F997742185227F500485D3F /* checkmark_off.tiff in Resources */,
				1FFB0F231851BDB200E97FA1 /* XToDoWindowController.xib in Resources */,
				1F5B2E5118471B0A003529EC /* find.sh in Resources */,
				C338F4E118F4FD8700EDE66E /* PathEditViewController.xib in Resources */,
				6EFEA8B01894757200FD9595 /* XToDoPreferencesWindowController.xib in Resources */,
			);
			runOnlyForDeploymentPostprocessing = 0;
		};
		1FCB6E7E1851D45B002E6BC3 /* Resources */ = {
			isa = PBXResourcesBuildPhase;
			buildActionMask = 2147483647;
			files = (
				1FCB6E8C1851D45B002E6BC3 /* InfoPlist.strings in Resources */,
				1FCB6E9A1851D45B002E6BC3 /* Images.xcassets in Resources */,
				1F997743185227F500485D3F /* checkmark_off.tiff in Resources */,
				1FCB6EB31851D481002E6BC3 /* XToDoWindowController.xib in Resources */,
				6EB64F0A18947A5D00EA6B86 /* XToDoPreferencesWindowController.xib in Resources */,
				1FCB6E921851D45B002E6BC3 /* Credits.rtf in Resources */,
				C338F4E218F4FD8700EDE66E /* PathEditViewController.xib in Resources */,
				1FCB6EB51851D758002E6BC3 /* find.sh in Resources */,
				1F997745185227F500485D3F /* checkmark_on.tiff in Resources */,
			);
			runOnlyForDeploymentPostprocessing = 0;
		};
/* End PBXResourcesBuildPhase section */

/* Begin PBXSourcesBuildPhase section */
		1F67ED371846E54F00E9E6AD /* Sources */ = {
			isa = PBXSourcesBuildPhase;
			buildActionMask = 2147483647;
			files = (
				C36063A118EBDCE000F500EA /* NSData+Split.m in Sources */,
				814ABA731AD1A603004CD467 /* NSString+Additions.m in Sources */,
				1F67ED4A1846E54F00E9E6AD /* XToDo.m in Sources */,
				C338F4DE18F4FBAF00EDE66E /* PathEditViewController.m in Sources */,
				6EFEA8AF1894757200FD9595 /* XToDoPreferencesWindowController.m in Sources */,
				1FFB0F221851BDB200E97FA1 /* XToDoWindowController.m in Sources */,
				C3F460FF18F43BE10009D503 /* ProjectSetting.m in Sources */,
				1FF31A141846EABD00976E29 /* XToDoModel.m in Sources */,
			);
			runOnlyForDeploymentPostprocessing = 0;
		};
		1FCB6E7C1851D45B002E6BC3 /* Sources */ = {
			isa = PBXSourcesBuildPhase;
			buildActionMask = 2147483647;
			files = (
				C3417AF118F6A871003297B8 /* XToDo.m in Sources */,
				6EB64F09189479D800EA6B86 /* XToDoPreferencesWindowController.m in Sources */,
				C3F4610018F43BE10009D503 /* ProjectSetting.m in Sources */,
				814ABA721AD1A602004CD467 /* NSString+Additions.m in Sources */,
				C36063A218EBDCE000F500EA /* NSData+Split.m in Sources */,
				1FCB6EB21851D481002E6BC3 /* XToDoWindowController.m in Sources */,
				1FCB6E951851D45B002E6BC3 /* XTAppDelegate.m in Sources */,
				C338F4DF18F4FBAF00EDE66E /* PathEditViewController.m in Sources */,
				1FCB6EB41851D487002E6BC3 /* XToDoModel.m in Sources */,
				1FCB6E8E1851D45B002E6BC3 /* main.m in Sources */,
			);
			runOnlyForDeploymentPostprocessing = 0;
		};
/* End PBXSourcesBuildPhase section */

/* Begin PBXVariantGroup section */
		1F67ED451846E54F00E9E6AD /* InfoPlist.strings */ = {
			isa = PBXVariantGroup;
			children = (
				1F67ED461846E54F00E9E6AD /* en */,
			);
			name = InfoPlist.strings;
			sourceTree = "<group>";
		};
		1FCB6E8A1851D45B002E6BC3 /* InfoPlist.strings */ = {
			isa = PBXVariantGroup;
			children = (
				1FCB6E8B1851D45B002E6BC3 /* en */,
			);
			name = InfoPlist.strings;
			sourceTree = "<group>";
		};
		1FCB6E901851D45B002E6BC3 /* Credits.rtf */ = {
			isa = PBXVariantGroup;
			children = (
				1FCB6E911851D45B002E6BC3 /* en */,
			);
			name = Credits.rtf;
			sourceTree = "<group>";
		};
/* End PBXVariantGroup section */

/* Begin XCBuildConfiguration section */
		1F67ED4C1846E54F00E9E6AD /* Debug */ = {
			isa = XCBuildConfiguration;
			buildSettings = {
				ALWAYS_SEARCH_USER_PATHS = NO;
				CLANG_CXX_LANGUAGE_STANDARD = "gnu++0x";
				CLANG_CXX_LIBRARY = "libc++";
				CLANG_ENABLE_OBJC_ARC = YES;
				CLANG_WARN_BOOL_CONVERSION = YES;
				CLANG_WARN_CONSTANT_CONVERSION = YES;
				CLANG_WARN_DIRECT_OBJC_ISA_USAGE = YES_ERROR;
				CLANG_WARN_EMPTY_BODY = YES;
				CLANG_WARN_ENUM_CONVERSION = YES;
				CLANG_WARN_INT_CONVERSION = YES;
				CLANG_WARN_OBJC_ROOT_CLASS = YES_ERROR;
				CLANG_WARN__DUPLICATE_METHOD_MATCH = YES;
				COPY_PHASE_STRIP = NO;
				GCC_C_LANGUAGE_STANDARD = gnu99;
				GCC_DYNAMIC_NO_PIC = NO;
				GCC_ENABLE_OBJC_EXCEPTIONS = YES;
				GCC_OPTIMIZATION_LEVEL = 0;
				GCC_PREPROCESSOR_DEFINITIONS = (
					"DEBUG=1",
					"$(inherited)",
				);
				GCC_SYMBOLS_PRIVATE_EXTERN = NO;
				GCC_WARN_64_TO_32_BIT_CONVERSION = YES;
				GCC_WARN_ABOUT_RETURN_TYPE = YES_ERROR;
				GCC_WARN_UNDECLARED_SELECTOR = YES;
				GCC_WARN_UNINITIALIZED_AUTOS = YES;
				GCC_WARN_UNUSED_FUNCTION = YES;
				GCC_WARN_UNUSED_VARIABLE = YES;
				MACOSX_DEPLOYMENT_TARGET = 10.8;
				ONLY_ACTIVE_ARCH = YES;
				SDKROOT = macosx;
			};
			name = Debug;
		};
		1F67ED4D1846E54F00E9E6AD /* Release */ = {
			isa = XCBuildConfiguration;
			buildSettings = {
				ALWAYS_SEARCH_USER_PATHS = NO;
				CLANG_CXX_LANGUAGE_STANDARD = "gnu++0x";
				CLANG_CXX_LIBRARY = "libc++";
				CLANG_ENABLE_OBJC_ARC = YES;
				CLANG_WARN_BOOL_CONVERSION = YES;
				CLANG_WARN_CONSTANT_CONVERSION = YES;
				CLANG_WARN_DIRECT_OBJC_ISA_USAGE = YES_ERROR;
				CLANG_WARN_EMPTY_BODY = YES;
				CLANG_WARN_ENUM_CONVERSION = YES;
				CLANG_WARN_INT_CONVERSION = YES;
				CLANG_WARN_OBJC_ROOT_CLASS = YES_ERROR;
				CLANG_WARN__DUPLICATE_METHOD_MATCH = YES;
				COPY_PHASE_STRIP = YES;
				DEBUG_INFORMATION_FORMAT = "dwarf-with-dsym";
				ENABLE_NS_ASSERTIONS = NO;
				GCC_C_LANGUAGE_STANDARD = gnu99;
				GCC_ENABLE_OBJC_EXCEPTIONS = YES;
				GCC_WARN_64_TO_32_BIT_CONVERSION = YES;
				GCC_WARN_ABOUT_RETURN_TYPE = YES_ERROR;
				GCC_WARN_UNDECLARED_SELECTOR = YES;
				GCC_WARN_UNINITIALIZED_AUTOS = YES;
				GCC_WARN_UNUSED_FUNCTION = YES;
				GCC_WARN_UNUSED_VARIABLE = YES;
				MACOSX_DEPLOYMENT_TARGET = 10.8;
				SDKROOT = macosx;
			};
			name = Release;
		};
		1F67ED4F1846E54F00E9E6AD /* Debug */ = {
			isa = XCBuildConfiguration;
			buildSettings = {
				COMBINE_HIDPI_IMAGES = YES;
				DEPLOYMENT_LOCATION = YES;
				DSTROOT = "$(HOME)";
				FRAMEWORK_SEARCH_PATHS = (
					"$(inherited)",
					"$(SYSTEM_APPS_DIR)/Xcode.app/Contents/SharedFrameworks",
				);
				GCC_PRECOMPILE_PREFIX_HEADER = YES;
				GCC_PREFIX_HEADER = "XToDo/XToDo-Prefix.pch";
				INFOPLIST_FILE = "XToDo/XToDo-Info.plist";
				INSTALL_PATH = "/Library/Application Support/Developer/Shared/Xcode/Plug-ins";
				PRODUCT_NAME = "$(TARGET_NAME)";
				WRAPPER_EXTENSION = xcplugin;
			};
			name = Debug;
		};
		1F67ED501846E54F00E9E6AD /* Release */ = {
			isa = XCBuildConfiguration;
			buildSettings = {
				COMBINE_HIDPI_IMAGES = YES;
				DEPLOYMENT_LOCATION = YES;
				DSTROOT = "$(HOME)";
				FRAMEWORK_SEARCH_PATHS = (
					"$(inherited)",
					"$(SYSTEM_APPS_DIR)/Xcode.app/Contents/SharedFrameworks",
				);
				GCC_PRECOMPILE_PREFIX_HEADER = YES;
				GCC_PREFIX_HEADER = "XToDo/XToDo-Prefix.pch";
				INFOPLIST_FILE = "XToDo/XToDo-Info.plist";
				INSTALL_PATH = "/Library/Application Support/Developer/Shared/Xcode/Plug-ins";
				PRODUCT_NAME = "$(TARGET_NAME)";
				WRAPPER_EXTENSION = xcplugin;
			};
			name = Release;
		};
		1FCB6EAC1851D45C002E6BC3 /* Debug */ = {
			isa = XCBuildConfiguration;
			buildSettings = {
				COMBINE_HIDPI_IMAGES = YES;
				GCC_PRECOMPILE_PREFIX_HEADER = YES;
				GCC_PREFIX_HEADER = "XToDoApp/XToDoApp-Prefix.pch";
				GCC_PREPROCESSOR_DEFINITIONS = (
					"DEBUG=1",
					"$(inherited)",
				);
				INFOPLIST_FILE = "XToDoApp/XToDoApp-Info.plist";
				MACOSX_DEPLOYMENT_TARGET = 10.8;
				PRODUCT_NAME = "$(TARGET_NAME)";
				WRAPPER_EXTENSION = app;
			};
			name = Debug;
		};
		1FCB6EAD1851D45C002E6BC3 /* Release */ = {
			isa = XCBuildConfiguration;
			buildSettings = {
				COMBINE_HIDPI_IMAGES = YES;
				GCC_PRECOMPILE_PREFIX_HEADER = YES;
				GCC_PREFIX_HEADER = "XToDoApp/XToDoApp-Prefix.pch";
				INFOPLIST_FILE = "XToDoApp/XToDoApp-Info.plist";
				MACOSX_DEPLOYMENT_TARGET = 10.8;
				PRODUCT_NAME = "$(TARGET_NAME)";
				WRAPPER_EXTENSION = app;
			};
			name = Release;
		};
/* End XCBuildConfiguration section */

/* Begin XCConfigurationList section */
		1F67ED361846E54F00E9E6AD /* Build configuration list for PBXProject "XToDo" */ = {
			isa = XCConfigurationList;
			buildConfigurations = (
				1F67ED4C1846E54F00E9E6AD /* Debug */,
				1F67ED4D1846E54F00E9E6AD /* Release */,
			);
			defaultConfigurationIsVisible = 0;
			defaultConfigurationName = Release;
		};
		1F67ED4E1846E54F00E9E6AD /* Build configuration list for PBXNativeTarget "XToDo" */ = {
			isa = XCConfigurationList;
			buildConfigurations = (
				1F67ED4F1846E54F00E9E6AD /* Debug */,
				1F67ED501846E54F00E9E6AD /* Release */,
			);
			defaultConfigurationIsVisible = 0;
			defaultConfigurationName = Release;
		};
		1FCB6EB01851D45C002E6BC3 /* Build configuration list for PBXNativeTarget "XToDoApp" */ = {
			isa = XCConfigurationList;
			buildConfigurations = (
				1FCB6EAC1851D45C002E6BC3 /* Debug */,
				1FCB6EAD1851D45C002E6BC3 /* Release */,
			);
			defaultConfigurationIsVisible = 0;
			defaultConfigurationName = Release;
		};
/* End XCConfigurationList section */
	};
	rootObject = 1F67ED331846E54F00E9E6AD /* Project object */;
}
